
Microsoft Visual Studio Solution File, Format Version 12.00
# Visual Studio Version 16
VisualStudioVersion = 16.0.31313.79
MinimumVisualStudioVersion = 10.0.40219.1
Project("{FAE04EC0-301F-11D3-BF4B-00C04F79EFBC}") = "AulaTeste", "AulaTeste.csproj", "{9332D4A0-CB7D-4446-BAC4-B54DC6797124}"
EndProject
Global
	GlobalSection(SolutionConfigurationPlatforms) = preSolution
		Debug|Any CPU = Debug|Any CPU
		Release|Any CPU = Release|Any CPU
	EndGlobalSection
	GlobalSection(ProjectConfigurationPlatforms) = postSolution
		{9332D4A0-CB7D-4446-BAC4-B54DC6797124}.Debug|Any CPU.ActiveCfg = Debug|Any CPU
		{9332D4A0-CB7D-4446-BAC4-B54DC6797124}.Debug|Any CPU.Build.0 = Debug|Any CPU
		{9332D4A0-CB7D-4446-BAC4-B54DC6797124}.Release|Any CPU.ActiveCfg = Release|Any CPU
		{9332D4A0-CB7D-4446-BAC4-B54DC6797124}.Release|Any CPU.Build.0 = Release|Any CPU
	EndGlobalSection
	GlobalSection(SolutionProperties) = preSolution
		HideSolutionNode = FALSE
	EndGlobalSection
	GlobalSection(ExtensibilityGlobals) = postSolution
		SolutionGuid = {239EDAFA-6F48-4E93-9B80-8DE921FBA135}
	EndGlobalSection
EndGlobal
